
Microsoft Visual Studio Solution File, Format Version 12.00
# Visual Studio Version 16
VisualStudioVersion = 16.0.29926.136
MinimumVisualStudioVersion = 10.0.40219.1
Project("{2150E333-8FDC-42A3-9474-1A3956D46DE8}") = "1-IntroductionToStreamsInMicroservices", "1-IntroductionToStreamsInMicroservices", "{919F20F1-CEE8-440E-9D88-9A969E9F1689}"
EndProject
Project("{9A19103F-16F7-4668-BE54-9A1E7A4F7556}") = "Producer_one", "src\1-IntroductionToStreamsInMicroservices\Producer_one\Producer_one.csproj", "{B8071A45-774C-4CAE-8755-61A4498040ED}"
EndProject
Project("{9A19103F-16F7-4668-BE54-9A1E7A4F7556}") = "Consumer_one", "src\1-IntroductionToStreamsInMicroservices\Consumer_one\Consumer_one.csproj", "{79052CC9-2F10-4039-9D52-01A67B9B7393}"
EndProject
Project("{9A19103F-16F7-4668-BE54-9A1E7A4F7556}") = "Consumer_two", "src\1-IntroductionToStreamsInMicroservices\Consumer_two\Consumer_two.csproj", "{F289BAC6-ABAD-4E7E-B1DE-08832327EC58}"
EndProject
Project("{9A19103F-16F7-4668-BE54-9A1E7A4F7556}") = "Core", "src\1-IntroductionToStreamsInMicroservices\Core\Core.csproj", "{09EEFEF0-04F3-4BD2-9794-F7DB50DF1814}"
EndProject
Project("{2150E333-8FDC-42A3-9474-1A3956D46DE8}") = "2-FastDelegateEvolutionAndClusterOfBrokers", "2-FastDelegateEvolutionAndClusterOfBrokers", "{44063819-9BFB-4B0E-A2B1-A6BD5219F87E}"
EndProject
Project("{9A19103F-16F7-4668-BE54-9A1E7A4F7556}") = "Consumer_one", "src\2-FastDelegateEvolutionAndClusterOfBrokers\Consumer_one\Consumer_one.csproj", "{61C64680-2AE9-4E8D-9D5B-EBEBC84AF2EC}"
EndProject
Project("{9A19103F-16F7-4668-BE54-9A1E7A4F7556}") = "Consumer_two", "src\2-FastDelegateEvolutionAndClusterOfBrokers\Consumer_two\Consumer_two.csproj", "{9276B245-3951-48E0-A22D-42F5E40EEAC7}"
EndProject
Project("{9A19103F-16F7-4668-BE54-9A1E7A4F7556}") = "Core", "src\2-FastDelegateEvolutionAndClusterOfBrokers\Core\Core.csproj", "{93E2A028-EE90-404F-963A-A9CD276D70FF}"
EndProject
Project("{9A19103F-16F7-4668-BE54-9A1E7A4F7556}") = "Producer_one", "src\2-FastDelegateEvolutionAndClusterOfBrokers\Producer_one\Producer_one.csproj", "{27EAB6E7-E089-4DF9-8B44-C7E3C733ADC7}"
EndProject
Global
	GlobalSection(SolutionConfigurationPlatforms) = preSolution
		Debug|Any CPU = Debug|Any CPU
		Release|Any CPU = Release|Any CPU
	EndGlobalSection
	GlobalSection(ProjectConfigurationPlatforms) = postSolution
		{B8071A45-774C-4CAE-8755-61A4498040ED}.Debug|Any CPU.ActiveCfg = Debug|Any CPU
		{B8071A45-774C-4CAE-8755-61A4498040ED}.Debug|Any CPU.Build.0 = Debug|Any CPU
		{B8071A45-774C-4CAE-8755-61A4498040ED}.Release|Any CPU.ActiveCfg = Release|Any CPU
		{B8071A45-774C-4CAE-8755-61A4498040ED}.Release|Any CPU.Build.0 = Release|Any CPU
		{79052CC9-2F10-4039-9D52-01A67B9B7393}.Debug|Any CPU.ActiveCfg = Debug|Any CPU
		{79052CC9-2F10-4039-9D52-01A67B9B7393}.Debug|Any CPU.Build.0 = Debug|Any CPU
		{79052CC9-2F10-4039-9D52-01A67B9B7393}.Release|Any CPU.ActiveCfg = Release|Any CPU
		{79052CC9-2F10-4039-9D52-01A67B9B7393}.Release|Any CPU.Build.0 = Release|Any CPU
		{F289BAC6-ABAD-4E7E-B1DE-08832327EC58}.Debug|Any CPU.ActiveCfg = Debug|Any CPU
		{F289BAC6-ABAD-4E7E-B1DE-08832327EC58}.Debug|Any CPU.Build.0 = Debug|Any CPU
		{F289BAC6-ABAD-4E7E-B1DE-08832327EC58}.Release|Any CPU.ActiveCfg = Release|Any CPU
		{F289BAC6-ABAD-4E7E-B1DE-08832327EC58}.Release|Any CPU.Build.0 = Release|Any CPU
		{09EEFEF0-04F3-4BD2-9794-F7DB50DF1814}.Debug|Any CPU.ActiveCfg = Debug|Any CPU
		{09EEFEF0-04F3-4BD2-9794-F7DB50DF1814}.Debug|Any CPU.Build.0 = Debug|Any CPU
		{09EEFEF0-04F3-4BD2-9794-F7DB50DF1814}.Release|Any CPU.ActiveCfg = Release|Any CPU
		{09EEFEF0-04F3-4BD2-9794-F7DB50DF1814}.Release|Any CPU.Build.0 = Release|Any CPU
		{61C64680-2AE9-4E8D-9D5B-EBEBC84AF2EC}.Debug|Any CPU.ActiveCfg = Debug|Any CPU
		{61C64680-2AE9-4E8D-9D5B-EBEBC84AF2EC}.Debug|Any CPU.Build.0 = Debug|Any CPU
		{61C64680-2AE9-4E8D-9D5B-EBEBC84AF2EC}.Release|Any CPU.ActiveCfg = Release|Any CPU
		{61C64680-2AE9-4E8D-9D5B-EBEBC84AF2EC}.Release|Any CPU.Build.0 = Release|Any CPU
		{9276B245-3951-48E0-A22D-42F5E40EEAC7}.Debug|Any CPU.ActiveCfg = Debug|Any CPU
		{9276B245-3951-48E0-A22D-42F5E40EEAC7}.Debug|Any CPU.Build.0 = Debug|Any CPU
		{9276B245-3951-48E0-A22D-42F5E40EEAC7}.Release|Any CPU.ActiveCfg = Release|Any CPU
		{9276B245-3951-48E0-A22D-42F5E40EEAC7}.Release|Any CPU.Build.0 = Release|Any CPU
		{93E2A028-EE90-404F-963A-A9CD276D70FF}.Debug|Any CPU.ActiveCfg = Debug|Any CPU
		{93E2A028-EE90-404F-963A-A9CD276D70FF}.Debug|Any CPU.Build.0 = Debug|Any CPU
		{93E2A028-EE90-404F-963A-A9CD276D70FF}.Release|Any CPU.ActiveCfg = Release|Any CPU
		{93E2A028-EE90-404F-963A-A9CD276D70FF}.Release|Any CPU.Build.0 = Release|Any CPU
		{27EAB6E7-E089-4DF9-8B44-C7E3C733ADC7}.Debug|Any CPU.ActiveCfg = Debug|Any CPU
		{27EAB6E7-E089-4DF9-8B44-C7E3C733ADC7}.Debug|Any CPU.Build.0 = Debug|Any CPU
		{27EAB6E7-E089-4DF9-8B44-C7E3C733ADC7}.Release|Any CPU.ActiveCfg = Release|Any CPU
		{27EAB6E7-E089-4DF9-8B44-C7E3C733ADC7}.Release|Any CPU.Build.0 = Release|Any CPU
	EndGlobalSection
	GlobalSection(SolutionProperties) = preSolution
		HideSolutionNode = FALSE
	EndGlobalSection
	GlobalSection(NestedProjects) = preSolution
		{B8071A45-774C-4CAE-8755-61A4498040ED} = {919F20F1-CEE8-440E-9D88-9A969E9F1689}
		{79052CC9-2F10-4039-9D52-01A67B9B7393} = {919F20F1-CEE8-440E-9D88-9A969E9F1689}
		{F289BAC6-ABAD-4E7E-B1DE-08832327EC58} = {919F20F1-CEE8-440E-9D88-9A969E9F1689}
		{09EEFEF0-04F3-4BD2-9794-F7DB50DF1814} = {919F20F1-CEE8-440E-9D88-9A969E9F1689}
		{61C64680-2AE9-4E8D-9D5B-EBEBC84AF2EC} = {44063819-9BFB-4B0E-A2B1-A6BD5219F87E}
		{9276B245-3951-48E0-A22D-42F5E40EEAC7} = {44063819-9BFB-4B0E-A2B1-A6BD5219F87E}
		{93E2A028-EE90-404F-963A-A9CD276D70FF} = {44063819-9BFB-4B0E-A2B1-A6BD5219F87E}
		{27EAB6E7-E089-4DF9-8B44-C7E3C733ADC7} = {44063819-9BFB-4B0E-A2B1-A6BD5219F87E}
	EndGlobalSection
	GlobalSection(ExtensibilityGlobals) = postSolution
		SolutionGuid = {44DEE025-F96D-40D6-80B2-EFB369173241}
	EndGlobalSection
EndGlobal
